
Microsoft Visual Studio Solution File, Format Version 12.00
# Visual Studio Version 16
VisualStudioVersion = 16.0.32901.82
MinimumVisualStudioVersion = 10.0.40219.1
Project("{FAE04EC0-301F-11D3-BF4B-00C04F79EFBC}") = "LAB4", "LAB4.csproj", "{2B253E07-A655-49AC-B0BB-8E075C8F4CB3}"
EndProject
Global
	GlobalSection(SolutionConfigurationPlatforms) = preSolution
		Debug|Any CPU = Debug|Any CPU
		Release|Any CPU = Release|Any CPU
	EndGlobalSection
	GlobalSection(ProjectConfigurationPlatforms) = postSolution
		{2B253E07-A655-49AC-B0BB-8E075C8F4CB3}.Debug|Any CPU.ActiveCfg = Debug|Any CPU
		{2B253E07-A655-49AC-B0BB-8E075C8F4CB3}.Debug|Any CPU.Build.0 = Debug|Any CPU
		{2B253E07-A655-49AC-B0BB-8E075C8F4CB3}.Release|Any CPU.ActiveCfg = Release|Any CPU
		{2B253E07-A655-49AC-B0BB-8E075C8F4CB3}.Release|Any CPU.Build.0 = Release|Any CPU
	EndGlobalSection
	GlobalSection(SolutionProperties) = preSolution
		HideSolutionNode = FALSE
	EndGlobalSection
	GlobalSection(ExtensibilityGlobals) = postSolution
		SolutionGuid = {787DA787-19B9-490F-94E5-05C6F5BE599D}
	EndGlobalSection
EndGlobal
